{"version":4,"terraform_version":"1.8.2","serial":19,"lineage":"6fe265ea-79e7-4bce-41fe-64e9332c071c","outputs":{},"resources":[{"mode":"managed","type":"cloudflare_record","name":"a_records","provider":"provider[\"registry.opentofu.org/cloudflare/cloudflare\"]","instances":[{"index_key":"stavehumle.no-185.199.108.153","schema_version":3,"attributes":{"allow_overwrite":false,"comment":"","content":"185.199.108.153","created_on":"2024-08-17T19:11:32.687447Z","data":[],"hostname":"stavehumle.no","id":"2b30af344326cf4b0cc23ff63a8f132b","metadata":{"auto_added":"false","managed_by_apps":"false","managed_by_argo_tunnel":"false"},"modified_on":"2024-08-17T19:11:32.687447Z","name":"stavehumle.no","priority":null,"proxiable":true,"proxied":true,"tags":[],"timeouts":null,"ttl":1,"type":"A","value":"185.199.108.153","zone_id":"724273dae49b8553e7f4aea61b15f010"},"sensitive_attributes":[],"private":"eyJlMmJmYjczMC1lY2FhLTExZTYtOGY4OC0zNDM2M2JjN2M0YzAiOnsiY3JlYXRlIjozMDAwMDAwMDAwMCwidXBkYXRlIjozMDAwMDAwMDAwMH0sInNjaGVtYV92ZXJzaW9uIjoiMyJ9"},{"index_key":"stavehumle.no-185.199.109.153","schema_version":3,"attributes":{"allow_overwrite":false,"comment":"","content":"185.199.109.153","created_on":"2024-08-17T19:11:31.697295Z","data":[],"hostname":"stavehumle.no","id":"e8346b2d7bd83daf1095840386f1e7b3","metadata":{"auto_added":"false","managed_by_apps":"false","managed_by_argo_tunnel":"false"},"modified_on":"2024-08-17T19:11:31.697295Z","name":"stavehumle.no","priority":null,"proxiable":true,"proxied":true,"tags":[],"timeouts":null,"ttl":1,"type":"A","value":"185.199.109.153","zone_id":"724273dae49b8553e7f4aea61b15f010"},"sensitive_attributes":[],"private":"eyJlMmJmYjczMC1lY2FhLTExZTYtOGY4OC0zNDM2M2JjN2M0YzAiOnsiY3JlYXRlIjozMDAwMDAwMDAwMCwidXBkYXRlIjozMDAwMDAwMDAwMH0sInNjaGVtYV92ZXJzaW9uIjoiMyJ9"},{"index_key":"stavehumle.no-185.199.110.153","schema_version":3,"attributes":{"allow_overwrite":false,"comment":"","content":"185.199.110.153","created_on":"2024-08-17T19:11:33.436627Z","data":[],"hostname":"stavehumle.no","id":"0d600552f8bdb614adae571635143679","metadata":{"auto_added":"false","managed_by_apps":"false","managed_by_argo_tunnel":"false"},"modified_on":"2024-08-17T19:11:33.436627Z","name":"stavehumle.no","priority":null,"proxiable":true,"proxied":true,"tags":[],"timeouts":null,"ttl":1,"type":"A","value":"185.199.110.153","zone_id":"724273dae49b8553e7f4aea61b15f010"},"sensitive_attributes":[],"private":"eyJlMmJmYjczMC1lY2FhLTExZTYtOGY4OC0zNDM2M2JjN2M0YzAiOnsiY3JlYXRlIjozMDAwMDAwMDAwMCwidXBkYXRlIjozMDAwMDAwMDAwMH0sInNjaGVtYV92ZXJzaW9uIjoiMyJ9"},{"index_key":"stavehumle.no-185.199.111.153","schema_version":3,"attributes":{"allow_overwrite":false,"comment":"","content":"185.199.111.153","created_on":"2024-08-17T19:11:32.99531Z","data":[],"hostname":"stavehumle.no","id":"45fd96a3aad7630ee25b4f1f3d0effe1","metadata":{"auto_added":"false","managed_by_apps":"false","managed_by_argo_tunnel":"false"},"modified_on":"2024-08-17T19:11:32.99531Z","name":"stavehumle.no","priority":null,"proxiable":true,"proxied":true,"tags":[],"timeouts":null,"ttl":1,"type":"A","value":"185.199.111.153","zone_id":"724273dae49b8553e7f4aea61b15f010"},"sensitive_attributes":[],"private":"eyJlMmJmYjczMC1lY2FhLTExZTYtOGY4OC0zNDM2M2JjN2M0YzAiOnsiY3JlYXRlIjozMDAwMDAwMDAwMCwidXBkYXRlIjozMDAwMDAwMDAwMH0sInNjaGVtYV92ZXJzaW9uIjoiMyJ9"}]},{"mode":"managed","type":"cloudflare_record","name":"aaaa_records","provider":"provider[\"registry.opentofu.org/cloudflare/cloudflare\"]","instances":[{"index_key":"stavehumle.no-2606:50c0:8000::153","schema_version":3,"attributes":{"allow_overwrite":false,"comment":"","content":"2606:50c0:8000::153","created_on":"2024-08-17T19:18:11.175731Z","data":[],"hostname":"stavehumle.no","id":"b9812ed38198319927a9727e703d500c","metadata":{"auto_added":"false","managed_by_apps":"false","managed_by_argo_tunnel":"false"},"modified_on":"2024-08-17T19:18:11.175731Z","name":"stavehumle.no","priority":null,"proxiable":true,"proxied":true,"tags":[],"timeouts":null,"ttl":1,"type":"AAAA","value":"2606:50c0:8000::153","zone_id":"724273dae49b8553e7f4aea61b15f010"},"sensitive_attributes":[],"private":"eyJlMmJmYjczMC1lY2FhLTExZTYtOGY4OC0zNDM2M2JjN2M0YzAiOnsiY3JlYXRlIjozMDAwMDAwMDAwMCwidXBkYXRlIjozMDAwMDAwMDAwMH0sInNjaGVtYV92ZXJzaW9uIjoiMyJ9"},{"index_key":"stavehumle.no-2606:50c0:8001::153","schema_version":3,"attributes":{"allow_overwrite":false,"comment":"","content":"2606:50c0:8001::153","created_on":"2024-08-17T19:18:14.208678Z","data":[],"hostname":"stavehumle.no","id":"0fc4d954a91e11f5543fcd14251d038b","metadata":{"auto_added":"false","managed_by_apps":"false","managed_by_argo_tunnel":"false"},"modified_on":"2024-08-17T19:18:14.208678Z","name":"stavehumle.no","priority":null,"proxiable":true,"proxied":true,"tags":[],"timeouts":null,"ttl":1,"type":"AAAA","value":"2606:50c0:8001::153","zone_id":"724273dae49b8553e7f4aea61b15f010"},"sensitive_attributes":[],"private":"eyJlMmJmYjczMC1lY2FhLTExZTYtOGY4OC0zNDM2M2JjN2M0YzAiOnsiY3JlYXRlIjozMDAwMDAwMDAwMCwidXBkYXRlIjozMDAwMDAwMDAwMH0sInNjaGVtYV92ZXJzaW9uIjoiMyJ9"},{"index_key":"stavehumle.no-2606:50c0:8002::153","schema_version":3,"attributes":{"allow_overwrite":false,"comment":"","content":"2606:50c0:8002::153","created_on":"2024-08-17T19:18:15.447393Z","data":[],"hostname":"stavehumle.no","id":"f8b1604b1933d094abe175321ddc5c90","metadata":{"auto_added":"false","managed_by_apps":"false","managed_by_argo_tunnel":"false"},"modified_on":"2024-08-17T19:18:15.447393Z","name":"stavehumle.no","priority":null,"proxiable":true,"proxied":true,"tags":[],"timeouts":null,"ttl":1,"type":"AAAA","value":"2606:50c0:8002::153","zone_id":"724273dae49b8553e7f4aea61b15f010"},"sensitive_attributes":[],"private":"eyJlMmJmYjczMC1lY2FhLTExZTYtOGY4OC0zNDM2M2JjN2M0YzAiOnsiY3JlYXRlIjozMDAwMDAwMDAwMCwidXBkYXRlIjozMDAwMDAwMDAwMH0sInNjaGVtYV92ZXJzaW9uIjoiMyJ9"},{"index_key":"stavehumle.no-2606:50c0:8003::153","schema_version":3,"attributes":{"allow_overwrite":false,"comment":"","content":"2606:50c0:8003::153","created_on":"2024-08-17T19:18:14.67041Z","data":[],"hostname":"stavehumle.no","id":"cca5daea800ba9e16fad3cc1bbda03c2","metadata":{"auto_added":"false","managed_by_apps":"false","managed_by_argo_tunnel":"false"},"modified_on":"2024-08-17T19:18:14.67041Z","name":"stavehumle.no","priority":null,"proxiable":true,"proxied":true,"tags":[],"timeouts":null,"ttl":1,"type":"AAAA","value":"2606:50c0:8003::153","zone_id":"724273dae49b8553e7f4aea61b15f010"},"sensitive_attributes":[],"private":"eyJlMmJmYjczMC1lY2FhLTExZTYtOGY4OC0zNDM2M2JjN2M0YzAiOnsiY3JlYXRlIjozMDAwMDAwMDAwMCwidXBkYXRlIjozMDAwMDAwMDAwMH0sInNjaGVtYV92ZXJzaW9uIjoiMyJ9"}]},{"mode":"managed","type":"cloudflare_record","name":"cname_com","provider":"provider[\"registry.opentofu.org/cloudflare/cloudflare\"]","instances":[{"index_key":"@","schema_version":3,"attributes":{"allow_overwrite":false,"comment":"","content":"stavehumle.no","created_on":"2024-08-17T19:33:40.567136Z","data":[],"hostname":"stavehumle.com","id":"086cc0b315238836cf750bbb0d56655c","metadata":{"auto_added":"false","managed_by_apps":"false","managed_by_argo_tunnel":"false"},"modified_on":"2024-08-17T19:33:40.567136Z","name":"@","priority":null,"proxiable":true,"proxied":true,"tags":[],"timeouts":null,"ttl":1,"type":"CNAME","value":"stavehumle.no","zone_id":"58b31b4b8039353d3e1b093037a8571f"},"sensitive_attributes":[],"private":"eyJlMmJmYjczMC1lY2FhLTExZTYtOGY4OC0zNDM2M2JjN2M0YzAiOnsiY3JlYXRlIjozMDAwMDAwMDAwMCwidXBkYXRlIjozMDAwMDAwMDAwMH0sInNjaGVtYV92ZXJzaW9uIjoiMyJ9"},{"index_key":"www","schema_version":3,"attributes":{"allow_overwrite":false,"comment":"","content":"stavehumle.no","created_on":"2024-08-17T19:33:40.820831Z","data":[],"hostname":"www.stavehumle.com","id":"9ac289287252d4c64b2437ed730db4c2","metadata":{"auto_added":"false","managed_by_apps":"false","managed_by_argo_tunnel":"false"},"modified_on":"2024-08-17T19:33:40.820831Z","name":"www","priority":null,"proxiable":true,"proxied":true,"tags":[],"timeouts":null,"ttl":1,"type":"CNAME","value":"stavehumle.no","zone_id":"58b31b4b8039353d3e1b093037a8571f"},"sensitive_attributes":[],"private":"eyJlMmJmYjczMC1lY2FhLTExZTYtOGY4OC0zNDM2M2JjN2M0YzAiOnsiY3JlYXRlIjozMDAwMDAwMDAwMCwidXBkYXRlIjozMDAwMDAwMDAwMH0sInNjaGVtYV92ZXJzaW9uIjoiMyJ9"}]},{"mode":"managed","type":"cloudflare_record","name":"cname_no","provider":"provider[\"registry.opentofu.org/cloudflare/cloudflare\"]","instances":[{"index_key":"www","schema_version":3,"attributes":{"allow_overwrite":false,"comment":"","content":"stavehumle.no","created_on":"2024-08-17T19:33:40.301395Z","data":[],"hostname":"www.stavehumle.no","id":"74fae01c4664820aef3f6368f110d09f","metadata":{"auto_added":"false","managed_by_apps":"false","managed_by_argo_tunnel":"false"},"modified_on":"2024-08-17T19:33:40.301395Z","name":"www","priority":null,"proxiable":true,"proxied":true,"tags":[],"timeouts":null,"ttl":1,"type":"CNAME","value":"stavehumle.no","zone_id":"724273dae49b8553e7f4aea61b15f010"},"sensitive_attributes":[],"private":"eyJlMmJmYjczMC1lY2FhLTExZTYtOGY4OC0zNDM2M2JjN2M0YzAiOnsiY3JlYXRlIjozMDAwMDAwMDAwMCwidXBkYXRlIjozMDAwMDAwMDAwMH0sInNjaGVtYV92ZXJzaW9uIjoiMyJ9"}]},{"mode":"managed","type":"cloudflare_record","name":"txt_records_com","provider":"provider[\"registry.opentofu.org/cloudflare/cloudflare\"]","instances":[{"index_key":"*._domainkey","schema_version":3,"attributes":{"allow_overwrite":false,"comment":"","content":"v=DKIM1; p=","created_on":"2024-08-17T19:18:09.192305Z","data":[],"hostname":"*._domainkey.stavehumle.com","id":"02d21dd422c556fe7102a4f4109b2a64","metadata":{"auto_added":"false","managed_by_apps":"false","managed_by_argo_tunnel":"false"},"modified_on":"2024-08-17T19:18:09.192305Z","name":"*._domainkey","priority":null,"proxiable":false,"proxied":false,"tags":[],"timeouts":null,"ttl":1,"type":"TXT","value":"v=DKIM1; p=","zone_id":"58b31b4b8039353d3e1b093037a8571f"},"sensitive_attributes":[],"private":"eyJlMmJmYjczMC1lY2FhLTExZTYtOGY4OC0zNDM2M2JjN2M0YzAiOnsiY3JlYXRlIjozMDAwMDAwMDAwMCwidXBkYXRlIjozMDAwMDAwMDAwMH0sInNjaGVtYV92ZXJzaW9uIjoiMyJ9"},{"index_key":"_dmarc","schema_version":3,"attributes":{"allow_overwrite":false,"comment":"","content":"v=DMARC1; p=reject; sp=reject; adkim=s; aspf=s;","created_on":"2024-08-17T19:18:09.693418Z","data":[],"hostname":"_dmarc.stavehumle.com","id":"ec42e9a0889b0aea29b3fcd6509f7084","metadata":{"auto_added":"false","managed_by_apps":"false","managed_by_argo_tunnel":"false"},"modified_on":"2024-08-17T19:18:09.693418Z","name":"_dmarc","priority":null,"proxiable":false,"proxied":false,"tags":[],"timeouts":null,"ttl":1,"type":"TXT","value":"v=DMARC1; p=reject; sp=reject; adkim=s; aspf=s;","zone_id":"58b31b4b8039353d3e1b093037a8571f"},"sensitive_attributes":[],"private":"eyJlMmJmYjczMC1lY2FhLTExZTYtOGY4OC0zNDM2M2JjN2M0YzAiOnsiY3JlYXRlIjozMDAwMDAwMDAwMCwidXBkYXRlIjozMDAwMDAwMDAwMH0sInNjaGVtYV92ZXJzaW9uIjoiMyJ9"},{"index_key":"stavehumle.com","schema_version":3,"attributes":{"allow_overwrite":false,"comment":"","content":"v=spf1 -all","created_on":"2024-08-17T19:18:09.436966Z","data":[],"hostname":"stavehumle.com","id":"eca279f720372f4ed1687a1f36d0f75f","metadata":{"auto_added":"false","managed_by_apps":"false","managed_by_argo_tunnel":"false"},"modified_on":"2024-08-17T19:18:09.436966Z","name":"stavehumle.com","priority":null,"proxiable":false,"proxied":false,"tags":[],"timeouts":null,"ttl":1,"type":"TXT","value":"v=spf1 -all","zone_id":"58b31b4b8039353d3e1b093037a8571f"},"sensitive_attributes":[],"private":"eyJlMmJmYjczMC1lY2FhLTExZTYtOGY4OC0zNDM2M2JjN2M0YzAiOnsiY3JlYXRlIjozMDAwMDAwMDAwMCwidXBkYXRlIjozMDAwMDAwMDAwMH0sInNjaGVtYV92ZXJzaW9uIjoiMyJ9"}]},{"mode":"managed","type":"cloudflare_record","name":"txt_records_no","provider":"provider[\"registry.opentofu.org/cloudflare/cloudflare\"]","instances":[{"index_key":"*._domainkey","schema_version":3,"attributes":{"allow_overwrite":false,"comment":"","content":"v=DKIM1; p=","created_on":"2024-11-21T07:04:32.317801Z","data":[],"hostname":"*._domainkey.stavehumle.no","id":"fc92a8bf70164888f70b691ea23b439d","metadata":{"auto_added":"false","managed_by_apps":"false","managed_by_argo_tunnel":"false"},"modified_on":"2024-11-21T07:04:32.317801Z","name":"*._domainkey","priority":null,"proxiable":false,"proxied":false,"tags":null,"timeouts":null,"ttl":1,"type":"TXT","value":null,"zone_id":"724273dae49b8553e7f4aea61b15f010"},"sensitive_attributes":[],"private":"eyJlMmJmYjczMC1lY2FhLTExZTYtOGY4OC0zNDM2M2JjN2M0YzAiOnsiY3JlYXRlIjozMDAwMDAwMDAwMCwidXBkYXRlIjozMDAwMDAwMDAwMH0sInNjaGVtYV92ZXJzaW9uIjoiMyJ9"},{"index_key":"_dmarc","schema_version":3,"attributes":{"allow_overwrite":false,"comment":"","content":"v=DMARC1; p=reject; sp=reject; adkim=s; aspf=s;","created_on":"2024-11-21T07:04:31.879906Z","data":[],"hostname":"_dmarc.stavehumle.no","id":"415c5c3d81cc862a1a9e3c43f06e5902","metadata":{"auto_added":"false","managed_by_apps":"false","managed_by_argo_tunnel":"false"},"modified_on":"2024-11-21T07:04:31.879906Z","name":"_dmarc","priority":null,"proxiable":false,"proxied":false,"tags":null,"timeouts":null,"ttl":1,"type":"TXT","value":null,"zone_id":"724273dae49b8553e7f4aea61b15f010"},"sensitive_attributes":[],"private":"eyJlMmJmYjczMC1lY2FhLTExZTYtOGY4OC0zNDM2M2JjN2M0YzAiOnsiY3JlYXRlIjozMDAwMDAwMDAwMCwidXBkYXRlIjozMDAwMDAwMDAwMH0sInNjaGVtYV92ZXJzaW9uIjoiMyJ9"},{"index_key":"_github-pages-challenge-evancharlton","schema_version":3,"attributes":{"allow_overwrite":false,"comment":"","content":"7529f02d6b4bbb75da2aff8d412322","created_on":"2024-11-21T07:04:32.07656Z","data":[],"hostname":"_github-pages-challenge-evancharlton.stavehumle.no","id":"852a68d4d0f6425b1b436a14a1fb36c0","metadata":{"auto_added":"false","managed_by_apps":"false","managed_by_argo_tunnel":"false"},"modified_on":"2024-11-21T07:04:32.07656Z","name":"_github-pages-challenge-evancharlton","priority":null,"proxiable":false,"proxied":false,"tags":null,"timeouts":null,"ttl":1,"type":"TXT","value":null,"zone_id":"724273dae49b8553e7f4aea61b15f010"},"sensitive_attributes":[],"private":"eyJlMmJmYjczMC1lY2FhLTExZTYtOGY4OC0zNDM2M2JjN2M0YzAiOnsiY3JlYXRlIjozMDAwMDAwMDAwMCwidXBkYXRlIjozMDAwMDAwMDAwMH0sInNjaGVtYV92ZXJzaW9uIjoiMyJ9"},{"index_key":"stavehumle.no","schema_version":3,"attributes":{"allow_overwrite":false,"comment":"","content":"v=spf1 -all","created_on":"2024-11-21T07:04:32.570672Z","data":[],"hostname":"stavehumle.no","id":"aeb91e89b21b1c2cd5a2a3201f31a1a6","metadata":{"auto_added":"false","managed_by_apps":"false","managed_by_argo_tunnel":"false"},"modified_on":"2024-11-21T07:04:32.570672Z","name":"stavehumle.no","priority":null,"proxiable":false,"proxied":false,"tags":null,"timeouts":null,"ttl":1,"type":"TXT","value":null,"zone_id":"724273dae49b8553e7f4aea61b15f010"},"sensitive_attributes":[],"private":"eyJlMmJmYjczMC1lY2FhLTExZTYtOGY4OC0zNDM2M2JjN2M0YzAiOnsiY3JlYXRlIjozMDAwMDAwMDAwMCwidXBkYXRlIjozMDAwMDAwMDAwMH0sInNjaGVtYV92ZXJzaW9uIjoiMyJ9"}]}],"check_results":null}
