{"version":4,"terraform_version":"1.8.1","serial":6,"lineage":"6fe265ea-79e7-4bce-41fe-64e9332c071c","outputs":{},"resources":[{"mode":"managed","type":"cloudflare_record","name":"a_records","provider":"provider[\"registry.opentofu.org/cloudflare/cloudflare\"]","instances":[{"index_key":"185.199.108.153","schema_version":3,"attributes":{"allow_overwrite":false,"comment":"","content":"185.199.108.153","created_on":"2024-08-17T17:10:38.291448Z","data":[],"hostname":"stavehumle.no","id":"feabe27f97f7d6c2521ba8339306ba33","metadata":{"auto_added":"false","managed_by_apps":"false","managed_by_argo_tunnel":"false"},"modified_on":"2024-08-17T17:10:38.291448Z","name":"stavehumle.no","priority":null,"proxiable":true,"proxied":true,"tags":[],"timeouts":null,"ttl":1,"type":"A","value":"185.199.108.153","zone_id":"724273dae49b8553e7f4aea61b15f010"},"sensitive_attributes":[],"private":"eyJlMmJmYjczMC1lY2FhLTExZTYtOGY4OC0zNDM2M2JjN2M0YzAiOnsiY3JlYXRlIjozMDAwMDAwMDAwMCwidXBkYXRlIjozMDAwMDAwMDAwMH0sInNjaGVtYV92ZXJzaW9uIjoiMyJ9"},{"index_key":"185.199.109.153","schema_version":3,"attributes":{"allow_overwrite":false,"comment":"","content":"185.199.109.153","created_on":"2024-08-17T17:10:37.530593Z","data":[],"hostname":"stavehumle.no","id":"3b7fb140b3106a8181817cf43ff14ec0","metadata":{"auto_added":"false","managed_by_apps":"false","managed_by_argo_tunnel":"false"},"modified_on":"2024-08-17T17:10:37.530593Z","name":"stavehumle.no","priority":null,"proxiable":true,"proxied":true,"tags":[],"timeouts":null,"ttl":1,"type":"A","value":"185.199.109.153","zone_id":"724273dae49b8553e7f4aea61b15f010"},"sensitive_attributes":[],"private":"eyJlMmJmYjczMC1lY2FhLTExZTYtOGY4OC0zNDM2M2JjN2M0YzAiOnsiY3JlYXRlIjozMDAwMDAwMDAwMCwidXBkYXRlIjozMDAwMDAwMDAwMH0sInNjaGVtYV92ZXJzaW9uIjoiMyJ9"},{"index_key":"185.199.110.153","schema_version":3,"attributes":{"allow_overwrite":false,"comment":"","content":"185.199.110.153","created_on":"2024-08-17T17:10:38.049639Z","data":[],"hostname":"stavehumle.no","id":"73b44c3e7c9109d20bf1905b6f590eea","metadata":{"auto_added":"false","managed_by_apps":"false","managed_by_argo_tunnel":"false"},"modified_on":"2024-08-17T17:10:38.049639Z","name":"stavehumle.no","priority":null,"proxiable":true,"proxied":true,"tags":[],"timeouts":null,"ttl":1,"type":"A","value":"185.199.110.153","zone_id":"724273dae49b8553e7f4aea61b15f010"},"sensitive_attributes":[],"private":"eyJlMmJmYjczMC1lY2FhLTExZTYtOGY4OC0zNDM2M2JjN2M0YzAiOnsiY3JlYXRlIjozMDAwMDAwMDAwMCwidXBkYXRlIjozMDAwMDAwMDAwMH0sInNjaGVtYV92ZXJzaW9uIjoiMyJ9"},{"index_key":"185.199.111.153","schema_version":3,"attributes":{"allow_overwrite":false,"comment":"","content":"185.199.111.153","created_on":"2024-08-17T17:10:37.825514Z","data":[],"hostname":"stavehumle.no","id":"716932113c68dd155ce3395fb27501d4","metadata":{"auto_added":"false","managed_by_apps":"false","managed_by_argo_tunnel":"false"},"modified_on":"2024-08-17T17:10:37.825514Z","name":"stavehumle.no","priority":null,"proxiable":true,"proxied":true,"tags":[],"timeouts":null,"ttl":1,"type":"A","value":"185.199.111.153","zone_id":"724273dae49b8553e7f4aea61b15f010"},"sensitive_attributes":[],"private":"eyJlMmJmYjczMC1lY2FhLTExZTYtOGY4OC0zNDM2M2JjN2M0YzAiOnsiY3JlYXRlIjozMDAwMDAwMDAwMCwidXBkYXRlIjozMDAwMDAwMDAwMH0sInNjaGVtYV92ZXJzaW9uIjoiMyJ9"}]},{"mode":"managed","type":"cloudflare_record","name":"aaaa_records","provider":"provider[\"registry.opentofu.org/cloudflare/cloudflare\"]","instances":[{"index_key":"2606:50c0:8000::153","schema_version":3,"attributes":{"allow_overwrite":false,"comment":"","content":"2606:50c0:8000::153","created_on":"2024-08-17T17:11:20.258469Z","data":[],"hostname":"stavehumle.no","id":"50c91a3ac3624789624761506338ef60","metadata":{"auto_added":"false","managed_by_apps":"false","managed_by_argo_tunnel":"false"},"modified_on":"2024-08-17T17:11:20.258469Z","name":"stavehumle.no","priority":null,"proxiable":true,"proxied":true,"tags":[],"timeouts":null,"ttl":1,"type":"AAAA","value":"2606:50c0:8000::153","zone_id":"724273dae49b8553e7f4aea61b15f010"},"sensitive_attributes":[],"private":"eyJlMmJmYjczMC1lY2FhLTExZTYtOGY4OC0zNDM2M2JjN2M0YzAiOnsiY3JlYXRlIjozMDAwMDAwMDAwMCwidXBkYXRlIjozMDAwMDAwMDAwMH0sInNjaGVtYV92ZXJzaW9uIjoiMyJ9"},{"index_key":"2606:50c0:8001::153","schema_version":3,"attributes":{"allow_overwrite":false,"comment":"","content":"2606:50c0:8001::153","created_on":"2024-08-17T17:11:20.521424Z","data":[],"hostname":"stavehumle.no","id":"b11bc3aff71c87d69320835efdaff320","metadata":{"auto_added":"false","managed_by_apps":"false","managed_by_argo_tunnel":"false"},"modified_on":"2024-08-17T17:11:20.521424Z","name":"stavehumle.no","priority":null,"proxiable":true,"proxied":true,"tags":[],"timeouts":null,"ttl":1,"type":"AAAA","value":"2606:50c0:8001::153","zone_id":"724273dae49b8553e7f4aea61b15f010"},"sensitive_attributes":[],"private":"eyJlMmJmYjczMC1lY2FhLTExZTYtOGY4OC0zNDM2M2JjN2M0YzAiOnsiY3JlYXRlIjozMDAwMDAwMDAwMCwidXBkYXRlIjozMDAwMDAwMDAwMH0sInNjaGVtYV92ZXJzaW9uIjoiMyJ9"},{"index_key":"2606:50c0:8002::153","schema_version":3,"attributes":{"allow_overwrite":false,"comment":"","content":"2606:50c0:8002::153","created_on":"2024-08-17T17:11:20.089696Z","data":[],"hostname":"stavehumle.no","id":"a3ad9a35dba0ea5f76e662da7f6db059","metadata":{"auto_added":"false","managed_by_apps":"false","managed_by_argo_tunnel":"false"},"modified_on":"2024-08-17T17:11:20.089696Z","name":"stavehumle.no","priority":null,"proxiable":true,"proxied":true,"tags":[],"timeouts":null,"ttl":1,"type":"AAAA","value":"2606:50c0:8002::153","zone_id":"724273dae49b8553e7f4aea61b15f010"},"sensitive_attributes":[],"private":"eyJlMmJmYjczMC1lY2FhLTExZTYtOGY4OC0zNDM2M2JjN2M0YzAiOnsiY3JlYXRlIjozMDAwMDAwMDAwMCwidXBkYXRlIjozMDAwMDAwMDAwMH0sInNjaGVtYV92ZXJzaW9uIjoiMyJ9"},{"index_key":"2606:50c0:8003::153","schema_version":3,"attributes":{"allow_overwrite":false,"comment":"","content":"2606:50c0:8003::153","created_on":"2024-08-17T17:11:20.75337Z","data":[],"hostname":"stavehumle.no","id":"174f187809e12e1832f91f4836351e4c","metadata":{"auto_added":"false","managed_by_apps":"false","managed_by_argo_tunnel":"false"},"modified_on":"2024-08-17T17:11:20.75337Z","name":"stavehumle.no","priority":null,"proxiable":true,"proxied":true,"tags":[],"timeouts":null,"ttl":1,"type":"AAAA","value":"2606:50c0:8003::153","zone_id":"724273dae49b8553e7f4aea61b15f010"},"sensitive_attributes":[],"private":"eyJlMmJmYjczMC1lY2FhLTExZTYtOGY4OC0zNDM2M2JjN2M0YzAiOnsiY3JlYXRlIjozMDAwMDAwMDAwMCwidXBkYXRlIjozMDAwMDAwMDAwMH0sInNjaGVtYV92ZXJzaW9uIjoiMyJ9"}]},{"mode":"managed","type":"cloudflare_record","name":"cname_records","provider":"provider[\"registry.opentofu.org/cloudflare/cloudflare\"]","instances":[{"index_key":"www","schema_version":3,"attributes":{"allow_overwrite":false,"comment":"","content":"stavehumle.no","created_on":"2024-08-17T17:16:08.050335Z","data":[],"hostname":"www.stavehumle.no","id":"81158ced2f7b11f525a2f55a5655b33e","metadata":{"auto_added":"false","managed_by_apps":"false","managed_by_argo_tunnel":"false"},"modified_on":"2024-08-17T17:16:08.050335Z","name":"www","priority":null,"proxiable":true,"proxied":true,"tags":[],"timeouts":null,"ttl":1,"type":"CNAME","value":"stavehumle.no","zone_id":"724273dae49b8553e7f4aea61b15f010"},"sensitive_attributes":[],"private":"eyJlMmJmYjczMC1lY2FhLTExZTYtOGY4OC0zNDM2M2JjN2M0YzAiOnsiY3JlYXRlIjozMDAwMDAwMDAwMCwidXBkYXRlIjozMDAwMDAwMDAwMH0sInNjaGVtYV92ZXJzaW9uIjoiMyJ9"}]},{"mode":"managed","type":"cloudflare_record","name":"txt_records","provider":"provider[\"registry.opentofu.org/cloudflare/cloudflare\"]","instances":[{"index_key":"*._domainkey","schema_version":3,"attributes":{"allow_overwrite":false,"comment":"","content":"v=DKIM1; p=","created_on":"2024-08-17T17:10:39.100415Z","data":[],"hostname":"*._domainkey.stavehumle.no","id":"5533cc1abe55e2e79dbdb0be2db7a862","metadata":{"auto_added":"false","managed_by_apps":"false","managed_by_argo_tunnel":"false"},"modified_on":"2024-08-17T17:10:39.100415Z","name":"*._domainkey","priority":null,"proxiable":false,"proxied":false,"tags":[],"timeouts":null,"ttl":1,"type":"TXT","value":"v=DKIM1; p=","zone_id":"724273dae49b8553e7f4aea61b15f010"},"sensitive_attributes":[],"private":"eyJlMmJmYjczMC1lY2FhLTExZTYtOGY4OC0zNDM2M2JjN2M0YzAiOnsiY3JlYXRlIjozMDAwMDAwMDAwMCwidXBkYXRlIjozMDAwMDAwMDAwMH0sInNjaGVtYV92ZXJzaW9uIjoiMyJ9"},{"index_key":"_dmarc","schema_version":3,"attributes":{"allow_overwrite":false,"comment":"","content":"v=DMARC1; p=reject; sp=reject; adkim=s; aspf=s;","created_on":"2024-08-17T17:10:38.86704Z","data":[],"hostname":"_dmarc.stavehumle.no","id":"b2280066b4a646b0f56eaf57aba6a28f","metadata":{"auto_added":"false","managed_by_apps":"false","managed_by_argo_tunnel":"false"},"modified_on":"2024-08-17T17:10:38.86704Z","name":"_dmarc","priority":null,"proxiable":false,"proxied":false,"tags":[],"timeouts":null,"ttl":1,"type":"TXT","value":"v=DMARC1; p=reject; sp=reject; adkim=s; aspf=s;","zone_id":"724273dae49b8553e7f4aea61b15f010"},"sensitive_attributes":[],"private":"eyJlMmJmYjczMC1lY2FhLTExZTYtOGY4OC0zNDM2M2JjN2M0YzAiOnsiY3JlYXRlIjozMDAwMDAwMDAwMCwidXBkYXRlIjozMDAwMDAwMDAwMH0sInNjaGVtYV92ZXJzaW9uIjoiMyJ9"},{"index_key":"stavehumle.no","schema_version":3,"attributes":{"allow_overwrite":false,"comment":"","content":"v=spf1 -all","created_on":"2024-08-17T17:10:38.590769Z","data":[],"hostname":"stavehumle.no","id":"93f29e6ec7848222be306fd75d8225dd","metadata":{"auto_added":"false","managed_by_apps":"false","managed_by_argo_tunnel":"false"},"modified_on":"2024-08-17T17:10:38.590769Z","name":"stavehumle.no","priority":null,"proxiable":false,"proxied":false,"tags":[],"timeouts":null,"ttl":1,"type":"TXT","value":"v=spf1 -all","zone_id":"724273dae49b8553e7f4aea61b15f010"},"sensitive_attributes":[],"private":"eyJlMmJmYjczMC1lY2FhLTExZTYtOGY4OC0zNDM2M2JjN2M0YzAiOnsiY3JlYXRlIjozMDAwMDAwMDAwMCwidXBkYXRlIjozMDAwMDAwMDAwMH0sInNjaGVtYV92ZXJzaW9uIjoiMyJ9"}]}],"check_results":null}
